
Microsoft Visual Studio Solution File, Format Version 12.00
# Visual Studio Version 17
VisualStudioVersion = 17.2.32602.215
MinimumVisualStudioVersion = 10.0.40219.1
Project("{FAE04EC0-301F-11D3-BF4B-00C04F79EFBC}") = "Sender.API", "Sender.API\Sender.API.csproj", "{57CE9DB9-3BB2-4C51-BC26-429346FD92BC}"
EndProject
Global
	GlobalSection(SolutionConfigurationPlatforms) = preSolution
		Debug|Any CPU = Debug|Any CPU
		Release|Any CPU = Release|Any CPU
	EndGlobalSection
	GlobalSection(ProjectConfigurationPlatforms) = postSolution
		{57CE9DB9-3BB2-4C51-BC26-429346FD92BC}.Debug|Any CPU.ActiveCfg = Debug|Any CPU
		{57CE9DB9-3BB2-4C51-BC26-429346FD92BC}.Debug|Any CPU.Build.0 = Debug|Any CPU
		{57CE9DB9-3BB2-4C51-BC26-429346FD92BC}.Release|Any CPU.ActiveCfg = Release|Any CPU
		{57CE9DB9-3BB2-4C51-BC26-429346FD92BC}.Release|Any CPU.Build.0 = Release|Any CPU
	EndGlobalSection
	GlobalSection(SolutionProperties) = preSolution
		HideSolutionNode = FALSE
	EndGlobalSection
	GlobalSection(ExtensibilityGlobals) = postSolution
		SolutionGuid = {4A19417A-4333-48D2-B151-E96BEAEB447B}
	EndGlobalSection
EndGlobal
